// !$*UTF8*$!
{
	archiveVersion = 1;
	classes = {
	};
	objectVersion = 46;
	objects = {

/* Begin PBXBuildFile section */
		31A7867213828902EE8ABCE403FE2F1B /* Pods-Rudder-Lotame_Tests-dummy.m in Sources */ = {isa = PBXBuildFile; fileRef = 02801C6287BDFFA5F2B43B9585C56E37 /* Pods-Rudder-Lotame_Tests-dummy.m */; };
		350D51982C046E60CFFA41115A0A2CA2 /* Pods-Rudder-Lotame_Example-dummy.m in Sources */ = {isa = PBXBuildFile; fileRef = 63D8E0B946B2931C3DB3F7EC6C0EC5B7 /* Pods-Rudder-Lotame_Example-dummy.m */; };
		8B7E0830077D00EB9533E42AD2F9A3F2 /* ReplaceMe.m in Sources */ = {isa = PBXBuildFile; fileRef = 2DE452292A5499DCD91ED779A24AC58B /* ReplaceMe.m */; };
		8C4F8FC687CEB98EE1E35162BA093F66 /* Rudder-Lotame-dummy.m in Sources */ = {isa = PBXBuildFile; fileRef = CE69A5ECD4002AA944A43423CFA5241A /* Rudder-Lotame-dummy.m */; };
		B56D272F04482C61A7F0DA58262E4E24 /* Foundation.framework in Frameworks */ = {isa = PBXBuildFile; fileRef = 3212113385A8FBBDB272BD23C409FF61 /* Foundation.framework */; };
		C6278163D90D4E8F266FF3BCB87F7256 /* Foundation.framework in Frameworks */ = {isa = PBXBuildFile; fileRef = 3212113385A8FBBDB272BD23C409FF61 /* Foundation.framework */; };
		D16CEBC531B5796B13A5BD016BCBE330 /* Pods-Rudder-Lotame_Example-umbrella.h in Headers */ = {isa = PBXBuildFile; fileRef = 716220D6272552602604DA89020316BC /* Pods-Rudder-Lotame_Example-umbrella.h */; settings = {ATTRIBUTES = (Public, ); }; };
		D99853892B1E39DF0BEF48B21819A952 /* Pods-Rudder-Lotame_Tests-umbrella.h in Headers */ = {isa = PBXBuildFile; fileRef = D75ED38C73512C13749FCE2640EA90C9 /* Pods-Rudder-Lotame_Tests-umbrella.h */; settings = {ATTRIBUTES = (Public, ); }; };
		E35EA55F8BDA7F375720081D4629A295 /* Rudder-Lotame-umbrella.h in Headers */ = {isa = PBXBuildFile; fileRef = EBB51D7737B98671AECE988DEE5FD07F /* Rudder-Lotame-umbrella.h */; settings = {ATTRIBUTES = (Public, ); }; };
		FC3233314749543BFB399BE68091C46D /* Foundation.framework in Frameworks */ = {isa = PBXBuildFile; fileRef = 3212113385A8FBBDB272BD23C409FF61 /* Foundation.framework */; };
/* End PBXBuildFile section */

/* Begin PBXContainerItemProxy section */
		1CC7766BEB1646244730AE0621E548DE /* PBXContainerItemProxy */ = {
			isa = PBXContainerItemProxy;
			containerPortal = BFDFE7DC352907FC980B868725387E98 /* Project object */;
			proxyType = 1;
			remoteGlobalIDString = C2BC366D2B4AD978EAA522BE39AFC082;
			remoteInfo = "Pods-Rudder-Lotame_Example";
		};
		2F4B9A41988A06108B58668B08C05F7F /* PBXContainerItemProxy */ = {
			isa = PBXContainerItemProxy;
			containerPortal = BFDFE7DC352907FC980B868725387E98 /* Project object */;
			proxyType = 1;
			remoteGlobalIDString = 48B2B9B2AD56F9A4862A9DD2F80E3E56;
			remoteInfo = "Rudder-Lotame";
		};
/* End PBXContainerItemProxy section */

/* Begin PBXFileReference section */
		02801C6287BDFFA5F2B43B9585C56E37 /* Pods-Rudder-Lotame_Tests-dummy.m */ = {isa = PBXFileReference; includeInIndex = 1; lastKnownFileType = sourcecode.c.objc; path = "Pods-Rudder-Lotame_Tests-dummy.m"; sourceTree = "<group>"; };
		14A895A09F8462ADF06518EA2615DD57 /* Rudder-Lotame.debug.xcconfig */ = {isa = PBXFileReference; includeInIndex = 1; lastKnownFileType = text.xcconfig; path = "Rudder-Lotame.debug.xcconfig"; sourceTree = "<group>"; };
		18A3C561ED8C160DA3DDE23D6D446F35 /* Pods-Rudder-Lotame_Tests.debug.xcconfig */ = {isa = PBXFileReference; includeInIndex = 1; lastKnownFileType = text.xcconfig; path = "Pods-Rudder-Lotame_Tests.debug.xcconfig"; sourceTree = "<group>"; };
		224D00C7DAFF995712830819B6EEFA8D /* Pods-Rudder-Lotame_Example-acknowledgements.markdown */ = {isa = PBXFileReference; includeInIndex = 1; lastKnownFileType = text; path = "Pods-Rudder-Lotame_Example-acknowledgements.markdown"; sourceTree = "<group>"; };
		2B7B2DB4A6773BB4B8EF1C0D8F62D20F /* Pods-Rudder-Lotame_Example.release.xcconfig */ = {isa = PBXFileReference; includeInIndex = 1; lastKnownFileType = text.xcconfig; path = "Pods-Rudder-Lotame_Example.release.xcconfig"; sourceTree = "<group>"; };
		2DE452292A5499DCD91ED779A24AC58B /* ReplaceMe.m */ = {isa = PBXFileReference; includeInIndex = 1; lastKnownFileType = sourcecode.c.objc; name = ReplaceMe.m; path = "Rudder-Lotame/Classes/ReplaceMe.m"; sourceTree = "<group>"; };
		3212113385A8FBBDB272BD23C409FF61 /* Foundation.framework */ = {isa = PBXFileReference; lastKnownFileType = wrapper.framework; name = Foundation.framework; path = Platforms/iPhoneOS.platform/Developer/SDKs/iPhoneOS12.2.sdk/System/Library/Frameworks/Foundation.framework; sourceTree = DEVELOPER_DIR; };
		56F309E03B449A1DCAC282ADDEB8AB5B /* Pods-Rudder-Lotame_Tests-acknowledgements.plist */ = {isa = PBXFileReference; includeInIndex = 1; lastKnownFileType = text.plist.xml; path = "Pods-Rudder-Lotame_Tests-acknowledgements.plist"; sourceTree = "<group>"; };
		5A2F0D5F74522DD0134FB5CEFD7A1ADB /* Pods-Rudder-Lotame_Tests-acknowledgements.markdown */ = {isa = PBXFileReference; includeInIndex = 1; lastKnownFileType = text; path = "Pods-Rudder-Lotame_Tests-acknowledgements.markdown"; sourceTree = "<group>"; };
		611FD7F7ADA8ED6B363D5DDAB0B7B333 /* Pods_Rudder_Lotame_Tests.framework */ = {isa = PBXFileReference; explicitFileType = wrapper.framework; includeInIndex = 0; name = Pods_Rudder_Lotame_Tests.framework; path = "Pods-Rudder-Lotame_Tests.framework"; sourceTree = BUILT_PRODUCTS_DIR; };
		6151BF7BCEFE51D93E97C9813CA82608 /* Rudder-Lotame-prefix.pch */ = {isa = PBXFileReference; includeInIndex = 1; lastKnownFileType = sourcecode.c.h; path = "Rudder-Lotame-prefix.pch"; sourceTree = "<group>"; };
		63D8E0B946B2931C3DB3F7EC6C0EC5B7 /* Pods-Rudder-Lotame_Example-dummy.m */ = {isa = PBXFileReference; includeInIndex = 1; lastKnownFileType = sourcecode.c.objc; path = "Pods-Rudder-Lotame_Example-dummy.m"; sourceTree = "<group>"; };
		716220D6272552602604DA89020316BC /* Pods-Rudder-Lotame_Example-umbrella.h */ = {isa = PBXFileReference; includeInIndex = 1; lastKnownFileType = sourcecode.c.h; path = "Pods-Rudder-Lotame_Example-umbrella.h"; sourceTree = "<group>"; };
		7C4936159F27E49AF1E9E2DE09D24E05 /* Pods-Rudder-Lotame_Tests-Info.plist */ = {isa = PBXFileReference; includeInIndex = 1; lastKnownFileType = text.plist.xml; path = "Pods-Rudder-Lotame_Tests-Info.plist"; sourceTree = "<group>"; };
		7CCD3115DD4CEA1A84DA3EC0A38DD0F9 /* Pods_Rudder_Lotame_Example.framework */ = {isa = PBXFileReference; explicitFileType = wrapper.framework; includeInIndex = 0; name = Pods_Rudder_Lotame_Example.framework; path = "Pods-Rudder-Lotame_Example.framework"; sourceTree = BUILT_PRODUCTS_DIR; };
		7DDA35F6FAEAFD8645B3A81A13E3B444 /* LICENSE */ = {isa = PBXFileReference; includeInIndex = 1; path = LICENSE; sourceTree = "<group>"; };
		81A720C6AA5C07FEF18EF47D3385C279 /* Pods-Rudder-Lotame_Example.debug.xcconfig */ = {isa = PBXFileReference; includeInIndex = 1; lastKnownFileType = text.xcconfig; path = "Pods-Rudder-Lotame_Example.debug.xcconfig"; sourceTree = "<group>"; };
		823166CAA340CD1F870EA1B963383261 /* Pods-Rudder-Lotame_Example-Info.plist */ = {isa = PBXFileReference; includeInIndex = 1; lastKnownFileType = text.plist.xml; path = "Pods-Rudder-Lotame_Example-Info.plist"; sourceTree = "<group>"; };
		8A83CE58AB0BFCD39B3A599ECD142593 /* Rudder-Lotame.podspec */ = {isa = PBXFileReference; explicitFileType = text.script.ruby; includeInIndex = 1; indentWidth = 2; lastKnownFileType = text; path = "Rudder-Lotame.podspec"; sourceTree = "<group>"; tabWidth = 2; xcLanguageSpecificationIdentifier = xcode.lang.ruby; };
		9D940727FF8FB9C785EB98E56350EF41 /* Podfile */ = {isa = PBXFileReference; explicitFileType = text.script.ruby; includeInIndex = 1; indentWidth = 2; lastKnownFileType = text; name = Podfile; path = ../Podfile; sourceTree = SOURCE_ROOT; tabWidth = 2; xcLanguageSpecificationIdentifier = xcode.lang.ruby; };
		A67C80ED2B671214AAFA19EF2BDD0624 /* Rudder_Lotame.framework */ = {isa = PBXFileReference; explicitFileType = wrapper.framework; includeInIndex = 0; name = Rudder_Lotame.framework; path = "Rudder-Lotame.framework"; sourceTree = BUILT_PRODUCTS_DIR; };
		A8BF0BD110B74DCCB3C10EAEEDBFD3C9 /* Pods-Rudder-Lotame_Example-frameworks.sh */ = {isa = PBXFileReference; includeInIndex = 1; lastKnownFileType = text.script.sh; path = "Pods-Rudder-Lotame_Example-frameworks.sh"; sourceTree = "<group>"; };
		AF0990F2B01DC4FF9F6BCA959DBC8170 /* Rudder-Lotame.modulemap */ = {isa = PBXFileReference; includeInIndex = 1; lastKnownFileType = sourcecode.module; path = "Rudder-Lotame.modulemap"; sourceTree = "<group>"; };
		B10390EDE2192429A0233B7A91668C20 /* Pods-Rudder-Lotame_Example.modulemap */ = {isa = PBXFileReference; includeInIndex = 1; lastKnownFileType = sourcecode.module; path = "Pods-Rudder-Lotame_Example.modulemap"; sourceTree = "<group>"; };
		B31C681F2C04117AFAE5118A38446DE2 /* Pods-Rudder-Lotame_Tests.release.xcconfig */ = {isa = PBXFileReference; includeInIndex = 1; lastKnownFileType = text.xcconfig; path = "Pods-Rudder-Lotame_Tests.release.xcconfig"; sourceTree = "<group>"; };
		CDB4A35BDEA2D7A9033779B47BF5BBFB /* Rudder-Lotame.release.xcconfig */ = {isa = PBXFileReference; includeInIndex = 1; lastKnownFileType = text.xcconfig; path = "Rudder-Lotame.release.xcconfig"; sourceTree = "<group>"; };
		CE69A5ECD4002AA944A43423CFA5241A /* Rudder-Lotame-dummy.m */ = {isa = PBXFileReference; includeInIndex = 1; lastKnownFileType = sourcecode.c.objc; path = "Rudder-Lotame-dummy.m"; sourceTree = "<group>"; };
		D3B3F6EF5D1A8DC06EC5090426FAADF6 /* README.md */ = {isa = PBXFileReference; includeInIndex = 1; path = README.md; sourceTree = "<group>"; };
		D75ED38C73512C13749FCE2640EA90C9 /* Pods-Rudder-Lotame_Tests-umbrella.h */ = {isa = PBXFileReference; includeInIndex = 1; lastKnownFileType = sourcecode.c.h; path = "Pods-Rudder-Lotame_Tests-umbrella.h"; sourceTree = "<group>"; };
		DC8D6E6B5A80AAA6BD2ED5FF81539CD3 /* Rudder-Lotame-Info.plist */ = {isa = PBXFileReference; includeInIndex = 1; lastKnownFileType = text.plist.xml; path = "Rudder-Lotame-Info.plist"; sourceTree = "<group>"; };
		E854EDBDDDBDC03EBF6208FE75A76A79 /* Pods-Rudder-Lotame_Tests.modulemap */ = {isa = PBXFileReference; includeInIndex = 1; lastKnownFileType = sourcecode.module; path = "Pods-Rudder-Lotame_Tests.modulemap"; sourceTree = "<group>"; };
		EBB51D7737B98671AECE988DEE5FD07F /* Rudder-Lotame-umbrella.h */ = {isa = PBXFileReference; includeInIndex = 1; lastKnownFileType = sourcecode.c.h; path = "Rudder-Lotame-umbrella.h"; sourceTree = "<group>"; };
		F472E9925E20117D08602B7E6A3047EE /* Pods-Rudder-Lotame_Example-acknowledgements.plist */ = {isa = PBXFileReference; includeInIndex = 1; lastKnownFileType = text.plist.xml; path = "Pods-Rudder-Lotame_Example-acknowledgements.plist"; sourceTree = "<group>"; };
/* End PBXFileReference section */

/* Begin PBXFrameworksBuildPhase section */
		1686AA7A6EC91A079C094FC55CDBAB96 /* Frameworks */ = {
			isa = PBXFrameworksBuildPhase;
			buildActionMask = 2147483647;
			files = (
				FC3233314749543BFB399BE68091C46D /* Foundation.framework in Frameworks */,
			);
			runOnlyForDeploymentPostprocessing = 0;
		};
		4AB84C4D950F44DE3FB1DCF7DE9AB004 /* Frameworks */ = {
			isa = PBXFrameworksBuildPhase;
			buildActionMask = 2147483647;
			files = (
				B56D272F04482C61A7F0DA58262E4E24 /* Foundation.framework in Frameworks */,
			);
			runOnlyForDeploymentPostprocessing = 0;
		};
		51E6CB2E0840D908ECF8F685B8228CE1 /* Frameworks */ = {
			isa = PBXFrameworksBuildPhase;
			buildActionMask = 2147483647;
			files = (
				C6278163D90D4E8F266FF3BCB87F7256 /* Foundation.framework in Frameworks */,
			);
			runOnlyForDeploymentPostprocessing = 0;
		};
/* End PBXFrameworksBuildPhase section */

/* Begin PBXGroup section */
		16AFADFD2FD8B843843BF988896C02D2 /* Development Pods */ = {
			isa = PBXGroup;
			children = (
				CBAC8996D70EC8B429B5CB58CF4223B9 /* Rudder-Lotame */,
			);
			name = "Development Pods";
			sourceTree = "<group>";
		};
		1C3F3DB7A05ECCC802D18694E29C6F49 /* Pods-Rudder-Lotame_Example */ = {
			isa = PBXGroup;
			children = (
				B10390EDE2192429A0233B7A91668C20 /* Pods-Rudder-Lotame_Example.modulemap */,
				224D00C7DAFF995712830819B6EEFA8D /* Pods-Rudder-Lotame_Example-acknowledgements.markdown */,
				F472E9925E20117D08602B7E6A3047EE /* Pods-Rudder-Lotame_Example-acknowledgements.plist */,
				63D8E0B946B2931C3DB3F7EC6C0EC5B7 /* Pods-Rudder-Lotame_Example-dummy.m */,
				A8BF0BD110B74DCCB3C10EAEEDBFD3C9 /* Pods-Rudder-Lotame_Example-frameworks.sh */,
				823166CAA340CD1F870EA1B963383261 /* Pods-Rudder-Lotame_Example-Info.plist */,
				716220D6272552602604DA89020316BC /* Pods-Rudder-Lotame_Example-umbrella.h */,
				81A720C6AA5C07FEF18EF47D3385C279 /* Pods-Rudder-Lotame_Example.debug.xcconfig */,
				2B7B2DB4A6773BB4B8EF1C0D8F62D20F /* Pods-Rudder-Lotame_Example.release.xcconfig */,
			);
			name = "Pods-Rudder-Lotame_Example";
			path = "Target Support Files/Pods-Rudder-Lotame_Example";
			sourceTree = "<group>";
		};
		1F0494173D0D99A225C793C63E18AE51 /* Pods-Rudder-Lotame_Tests */ = {
			isa = PBXGroup;
			children = (
				E854EDBDDDBDC03EBF6208FE75A76A79 /* Pods-Rudder-Lotame_Tests.modulemap */,
				5A2F0D5F74522DD0134FB5CEFD7A1ADB /* Pods-Rudder-Lotame_Tests-acknowledgements.markdown */,
				56F309E03B449A1DCAC282ADDEB8AB5B /* Pods-Rudder-Lotame_Tests-acknowledgements.plist */,
				02801C6287BDFFA5F2B43B9585C56E37 /* Pods-Rudder-Lotame_Tests-dummy.m */,
				7C4936159F27E49AF1E9E2DE09D24E05 /* Pods-Rudder-Lotame_Tests-Info.plist */,
				D75ED38C73512C13749FCE2640EA90C9 /* Pods-Rudder-Lotame_Tests-umbrella.h */,
				18A3C561ED8C160DA3DDE23D6D446F35 /* Pods-Rudder-Lotame_Tests.debug.xcconfig */,
				B31C681F2C04117AFAE5118A38446DE2 /* Pods-Rudder-Lotame_Tests.release.xcconfig */,
			);
			name = "Pods-Rudder-Lotame_Tests";
			path = "Target Support Files/Pods-Rudder-Lotame_Tests";
			sourceTree = "<group>";
		};
		23CA214BF04694C5AE9083BFF3CCB583 /* Support Files */ = {
			isa = PBXGroup;
			children = (
				AF0990F2B01DC4FF9F6BCA959DBC8170 /* Rudder-Lotame.modulemap */,
				CE69A5ECD4002AA944A43423CFA5241A /* Rudder-Lotame-dummy.m */,
				DC8D6E6B5A80AAA6BD2ED5FF81539CD3 /* Rudder-Lotame-Info.plist */,
				6151BF7BCEFE51D93E97C9813CA82608 /* Rudder-Lotame-prefix.pch */,
				EBB51D7737B98671AECE988DEE5FD07F /* Rudder-Lotame-umbrella.h */,
				14A895A09F8462ADF06518EA2615DD57 /* Rudder-Lotame.debug.xcconfig */,
				CDB4A35BDEA2D7A9033779B47BF5BBFB /* Rudder-Lotame.release.xcconfig */,
			);
			name = "Support Files";
			path = "Example/Pods/Target Support Files/Rudder-Lotame";
			sourceTree = "<group>";
		};
		6D5B424E5FE12A985F8326CE9FD606D0 /* Pod */ = {
			isa = PBXGroup;
			children = (
				7DDA35F6FAEAFD8645B3A81A13E3B444 /* LICENSE */,
				D3B3F6EF5D1A8DC06EC5090426FAADF6 /* README.md */,
				8A83CE58AB0BFCD39B3A599ECD142593 /* Rudder-Lotame.podspec */,
			);
			name = Pod;
			sourceTree = "<group>";
		};
		BA3703ECD0F4096DA91305662875EE80 /* Products */ = {
			isa = PBXGroup;
			children = (
				7CCD3115DD4CEA1A84DA3EC0A38DD0F9 /* Pods_Rudder_Lotame_Example.framework */,
				611FD7F7ADA8ED6B363D5DDAB0B7B333 /* Pods_Rudder_Lotame_Tests.framework */,
				A67C80ED2B671214AAFA19EF2BDD0624 /* Rudder_Lotame.framework */,
			);
			name = Products;
			sourceTree = "<group>";
		};
		C0834CEBB1379A84116EF29F93051C60 /* iOS */ = {
			isa = PBXGroup;
			children = (
				3212113385A8FBBDB272BD23C409FF61 /* Foundation.framework */,
			);
			name = iOS;
			sourceTree = "<group>";
		};
		CBAC8996D70EC8B429B5CB58CF4223B9 /* Rudder-Lotame */ = {
			isa = PBXGroup;
			children = (
				2DE452292A5499DCD91ED779A24AC58B /* ReplaceMe.m */,
				6D5B424E5FE12A985F8326CE9FD606D0 /* Pod */,
				23CA214BF04694C5AE9083BFF3CCB583 /* Support Files */,
			);
			name = "Rudder-Lotame";
			path = ../..;
			sourceTree = "<group>";
		};
		CF1408CF629C7361332E53B88F7BD30C = {
			isa = PBXGroup;
			children = (
				9D940727FF8FB9C785EB98E56350EF41 /* Podfile */,
				16AFADFD2FD8B843843BF988896C02D2 /* Development Pods */,
				D210D550F4EA176C3123ED886F8F87F5 /* Frameworks */,
				BA3703ECD0F4096DA91305662875EE80 /* Products */,
				E1906FA6CBD0DCEF0FAC39097331B429 /* Targets Support Files */,
			);
			sourceTree = "<group>";
		};
		D210D550F4EA176C3123ED886F8F87F5 /* Frameworks */ = {
			isa = PBXGroup;
			children = (
				C0834CEBB1379A84116EF29F93051C60 /* iOS */,
			);
			name = Frameworks;
			sourceTree = "<group>";
		};
		E1906FA6CBD0DCEF0FAC39097331B429 /* Targets Support Files */ = {
			isa = PBXGroup;
			children = (
				1C3F3DB7A05ECCC802D18694E29C6F49 /* Pods-Rudder-Lotame_Example */,
				1F0494173D0D99A225C793C63E18AE51 /* Pods-Rudder-Lotame_Tests */,
			);
			name = "Targets Support Files";
			sourceTree = "<group>";
		};
/* End PBXGroup section */

/* Begin PBXHeadersBuildPhase section */
		1237BF583DB1DFC8C6CA40AAFD9E0322 /* Headers */ = {
			isa = PBXHeadersBuildPhase;
			buildActionMask = 2147483647;
			files = (
				D99853892B1E39DF0BEF48B21819A952 /* Pods-Rudder-Lotame_Tests-umbrella.h in Headers */,
			);
			runOnlyForDeploymentPostprocessing = 0;
		};
		AE279717F03E8E6BB800A6E7A7389C70 /* Headers */ = {
			isa = PBXHeadersBuildPhase;
			buildActionMask = 2147483647;
			files = (
				D16CEBC531B5796B13A5BD016BCBE330 /* Pods-Rudder-Lotame_Example-umbrella.h in Headers */,
			);
			runOnlyForDeploymentPostprocessing = 0;
		};
		E5F2CBF9716940ADF8D0B8DF6017B705 /* Headers */ = {
			isa = PBXHeadersBuildPhase;
			buildActionMask = 2147483647;
			files = (
				E35EA55F8BDA7F375720081D4629A295 /* Rudder-Lotame-umbrella.h in Headers */,
			);
			runOnlyForDeploymentPostprocessing = 0;
		};
/* End PBXHeadersBuildPhase section */

/* Begin PBXNativeTarget section */
		1BDDC46C26CFB85EE4DD71B80C4F5018 /* Pods-Rudder-Lotame_Tests */ = {
			isa = PBXNativeTarget;
			buildConfigurationList = 1E07FAF573B1ADD2F0C0B13E11A1B732 /* Build configuration list for PBXNativeTarget "Pods-Rudder-Lotame_Tests" */;
			buildPhases = (
				1237BF583DB1DFC8C6CA40AAFD9E0322 /* Headers */,
				9A14093178F71E98AA8592A30D49DAE5 /* Sources */,
				4AB84C4D950F44DE3FB1DCF7DE9AB004 /* Frameworks */,
				A6D3727599D034380F81F2B7339A90B3 /* Resources */,
			);
			buildRules = (
			);
			dependencies = (
				9B67699D5B80497F182416663F87C90B /* PBXTargetDependency */,
			);
			name = "Pods-Rudder-Lotame_Tests";
			productName = "Pods-Rudder-Lotame_Tests";
			productReference = 611FD7F7ADA8ED6B363D5DDAB0B7B333 /* Pods_Rudder_Lotame_Tests.framework */;
			productType = "com.apple.product-type.framework";
		};
		48B2B9B2AD56F9A4862A9DD2F80E3E56 /* Rudder-Lotame */ = {
			isa = PBXNativeTarget;
			buildConfigurationList = D621C1F0C62BFE63F0F48B514CEDF3EF /* Build configuration list for PBXNativeTarget "Rudder-Lotame" */;
			buildPhases = (
				E5F2CBF9716940ADF8D0B8DF6017B705 /* Headers */,
				0ED843F4C1BFC175A8F6165D9F18FA02 /* Sources */,
				1686AA7A6EC91A079C094FC55CDBAB96 /* Frameworks */,
				B8B25870BEDBF5EE0C9DDD3E07A5E7BC /* Resources */,
			);
			buildRules = (
			);
			dependencies = (
			);
			name = "Rudder-Lotame";
			productName = "Rudder-Lotame";
			productReference = A67C80ED2B671214AAFA19EF2BDD0624 /* Rudder_Lotame.framework */;
			productType = "com.apple.product-type.framework";
		};
		C2BC366D2B4AD978EAA522BE39AFC082 /* Pods-Rudder-Lotame_Example */ = {
			isa = PBXNativeTarget;
			buildConfigurationList = 3DE7A58AAA2F72D24AF417849AA73FA9 /* Build configuration list for PBXNativeTarget "Pods-Rudder-Lotame_Example" */;
			buildPhases = (
				AE279717F03E8E6BB800A6E7A7389C70 /* Headers */,
				95C7448E72DC5609AB4A32F080D0DAE7 /* Sources */,
				51E6CB2E0840D908ECF8F685B8228CE1 /* Frameworks */,
				C586765306F10F78C0A9EB147F6DB530 /* Resources */,
			);
			buildRules = (
			);
			dependencies = (
				4CA54F33A14EE956DE37E6DB4B238DA3 /* PBXTargetDependency */,
			);
			name = "Pods-Rudder-Lotame_Example";
			productName = "Pods-Rudder-Lotame_Example";
			productReference = 7CCD3115DD4CEA1A84DA3EC0A38DD0F9 /* Pods_Rudder_Lotame_Example.framework */;
			productType = "com.apple.product-type.framework";
		};
/* End PBXNativeTarget section */

/* Begin PBXProject section */
		BFDFE7DC352907FC980B868725387E98 /* Project object */ = {
			isa = PBXProject;
			attributes = {
				LastSwiftUpdateCheck = 1100;
				LastUpgradeCheck = 1100;
			};
			buildConfigurationList = 4821239608C13582E20E6DA73FD5F1F9 /* Build configuration list for PBXProject "Pods" */;
			compatibilityVersion = "Xcode 3.2";
			developmentRegion = en;
			hasScannedForEncodings = 0;
			knownRegions = (
				en,
				Base,
			);
			mainGroup = CF1408CF629C7361332E53B88F7BD30C;
			productRefGroup = BA3703ECD0F4096DA91305662875EE80 /* Products */;
			projectDirPath = "";
			projectRoot = "";
			targets = (
				C2BC366D2B4AD978EAA522BE39AFC082 /* Pods-Rudder-Lotame_Example */,
				1BDDC46C26CFB85EE4DD71B80C4F5018 /* Pods-Rudder-Lotame_Tests */,
				48B2B9B2AD56F9A4862A9DD2F80E3E56 /* Rudder-Lotame */,
			);
		};
/* End PBXProject section */

/* Begin PBXResourcesBuildPhase section */
		A6D3727599D034380F81F2B7339A90B3 /* Resources */ = {
			isa = PBXResourcesBuildPhase;
			buildActionMask = 2147483647;
			files = (
			);
			runOnlyForDeploymentPostprocessing = 0;
		};
		B8B25870BEDBF5EE0C9DDD3E07A5E7BC /* Resources */ = {
			isa = PBXResourcesBuildPhase;
			buildActionMask = 2147483647;
			files = (
			);
			runOnlyForDeploymentPostprocessing = 0;
		};
		C586765306F10F78C0A9EB147F6DB530 /* Resources */ = {
			isa = PBXResourcesBuildPhase;
			buildActionMask = 2147483647;
			files = (
			);
			runOnlyForDeploymentPostprocessing = 0;
		};
/* End PBXResourcesBuildPhase section */

/* Begin PBXSourcesBuildPhase section */
		0ED843F4C1BFC175A8F6165D9F18FA02 /* Sources */ = {
			isa = PBXSourcesBuildPhase;
			buildActionMask = 2147483647;
			files = (
				8B7E0830077D00EB9533E42AD2F9A3F2 /* ReplaceMe.m in Sources */,
				8C4F8FC687CEB98EE1E35162BA093F66 /* Rudder-Lotame-dummy.m in Sources */,
			);
			runOnlyForDeploymentPostprocessing = 0;
		};
		95C7448E72DC5609AB4A32F080D0DAE7 /* Sources */ = {
			isa = PBXSourcesBuildPhase;
			buildActionMask = 2147483647;
			files = (
				350D51982C046E60CFFA41115A0A2CA2 /* Pods-Rudder-Lotame_Example-dummy.m in Sources */,
			);
			runOnlyForDeploymentPostprocessing = 0;
		};
		9A14093178F71E98AA8592A30D49DAE5 /* Sources */ = {
			isa = PBXSourcesBuildPhase;
			buildActionMask = 2147483647;
			files = (
				31A7867213828902EE8ABCE403FE2F1B /* Pods-Rudder-Lotame_Tests-dummy.m in Sources */,
			);
			runOnlyForDeploymentPostprocessing = 0;
		};
/* End PBXSourcesBuildPhase section */

/* Begin PBXTargetDependency section */
		4CA54F33A14EE956DE37E6DB4B238DA3 /* PBXTargetDependency */ = {
			isa = PBXTargetDependency;
			name = "Rudder-Lotame";
			target = 48B2B9B2AD56F9A4862A9DD2F80E3E56 /* Rudder-Lotame */;
			targetProxy = 2F4B9A41988A06108B58668B08C05F7F /* PBXContainerItemProxy */;
		};
		9B67699D5B80497F182416663F87C90B /* PBXTargetDependency */ = {
			isa = PBXTargetDependency;
			name = "Pods-Rudder-Lotame_Example";
			target = C2BC366D2B4AD978EAA522BE39AFC082 /* Pods-Rudder-Lotame_Example */;
			targetProxy = 1CC7766BEB1646244730AE0621E548DE /* PBXContainerItemProxy */;
		};
/* End PBXTargetDependency section */

/* Begin XCBuildConfiguration section */
		20A0C46FC20FD5C670F91715154AE578 /* Release */ = {
			isa = XCBuildConfiguration;
			baseConfigurationReference = CDB4A35BDEA2D7A9033779B47BF5BBFB /* Rudder-Lotame.release.xcconfig */;
			buildSettings = {
				CODE_SIGN_IDENTITY = "";
				"CODE_SIGN_IDENTITY[sdk=appletvos*]" = "";
				"CODE_SIGN_IDENTITY[sdk=iphoneos*]" = "";
				"CODE_SIGN_IDENTITY[sdk=watchos*]" = "";
				CURRENT_PROJECT_VERSION = 1;
				DEFINES_MODULE = YES;
				DYLIB_COMPATIBILITY_VERSION = 1;
				DYLIB_CURRENT_VERSION = 1;
				DYLIB_INSTALL_NAME_BASE = "@rpath";
				GCC_PREFIX_HEADER = "Target Support Files/Rudder-Lotame/Rudder-Lotame-prefix.pch";
				INFOPLIST_FILE = "Target Support Files/Rudder-Lotame/Rudder-Lotame-Info.plist";
				INSTALL_PATH = "$(LOCAL_LIBRARY_DIR)/Frameworks";
				IPHONEOS_DEPLOYMENT_TARGET = 8.0;
				LD_RUNPATH_SEARCH_PATHS = "$(inherited) @executable_path/Frameworks @loader_path/Frameworks";
				MODULEMAP_FILE = "Target Support Files/Rudder-Lotame/Rudder-Lotame.modulemap";
				PRODUCT_MODULE_NAME = Rudder_Lotame;
				PRODUCT_NAME = Rudder_Lotame;
				SDKROOT = iphoneos;
				SKIP_INSTALL = YES;
				SWIFT_ACTIVE_COMPILATION_CONDITIONS = "$(inherited) ";
				SWIFT_VERSION = 4.0;
				TARGETED_DEVICE_FAMILY = "1,2";
				VALIDATE_PRODUCT = YES;
				VERSIONING_SYSTEM = "apple-generic";
				VERSION_INFO_PREFIX = "";
			};
			name = Release;
		};
		4BE66A09A74FD25164AAB3C2645B9B93 /* Release */ = {
			isa = XCBuildConfiguration;
			buildSettings = {
				ALWAYS_SEARCH_USER_PATHS = NO;
				CLANG_ANALYZER_NONNULL = YES;
				CLANG_ANALYZER_NUMBER_OBJECT_CONVERSION = YES_AGGRESSIVE;
				CLANG_CXX_LANGUAGE_STANDARD = "gnu++14";
				CLANG_CXX_LIBRARY = "libc++";
				CLANG_ENABLE_MODULES = YES;
				CLANG_ENABLE_OBJC_ARC = YES;
				CLANG_ENABLE_OBJC_WEAK = YES;
				CLANG_WARN_BLOCK_CAPTURE_AUTORELEASING = YES;
				CLANG_WARN_BOOL_CONVERSION = YES;
				CLANG_WARN_COMMA = YES;
				CLANG_WARN_CONSTANT_CONVERSION = YES;
				CLANG_WARN_DEPRECATED_OBJC_IMPLEMENTATIONS = YES;
				CLANG_WARN_DIRECT_OBJC_ISA_USAGE = YES_ERROR;
				CLANG_WARN_DOCUMENTATION_COMMENTS = YES;
				CLANG_WARN_EMPTY_BODY = YES;
				CLANG_WARN_ENUM_CONVERSION = YES;
				CLANG_WARN_INFINITE_RECURSION = YES;
				CLANG_WARN_INT_CONVERSION = YES;
				CLANG_WARN_NON_LITERAL_NULL_CONVERSION = YES;
				CLANG_WARN_OBJC_IMPLICIT_RETAIN_SELF = YES;
				CLANG_WARN_OBJC_LITERAL_CONVERSION = YES;
				CLANG_WARN_OBJC_ROOT_CLASS = YES_ERROR;
				CLANG_WARN_RANGE_LOOP_ANALYSIS = YES;
				CLANG_WARN_STRICT_PROTOTYPES = YES;
				CLANG_WARN_SUSPICIOUS_MOVE = YES;
				CLANG_WARN_UNGUARDED_AVAILABILITY = YES_AGGRESSIVE;
				CLANG_WARN_UNREACHABLE_CODE = YES;
				CLANG_WARN__DUPLICATE_METHOD_MATCH = YES;
				COPY_PHASE_STRIP = NO;
				DEBUG_INFORMATION_FORMAT = "dwarf-with-dsym";
				ENABLE_NS_ASSERTIONS = NO;
				ENABLE_STRICT_OBJC_MSGSEND = YES;
				GCC_C_LANGUAGE_STANDARD = gnu11;
				GCC_NO_COMMON_BLOCKS = YES;
				GCC_PREPROCESSOR_DEFINITIONS = (
					"POD_CONFIGURATION_RELEASE=1",
					"$(inherited)",
				);
				GCC_WARN_64_TO_32_BIT_CONVERSION = YES;
				GCC_WARN_ABOUT_RETURN_TYPE = YES_ERROR;
				GCC_WARN_UNDECLARED_SELECTOR = YES;
				GCC_WARN_UNINITIALIZED_AUTOS = YES_AGGRESSIVE;
				GCC_WARN_UNUSED_FUNCTION = YES;
				GCC_WARN_UNUSED_VARIABLE = YES;
				IPHONEOS_DEPLOYMENT_TARGET = 8.0;
				MTL_ENABLE_DEBUG_INFO = NO;
				MTL_FAST_MATH = YES;
				PRODUCT_NAME = "$(TARGET_NAME)";
				STRIP_INSTALLED_PRODUCT = NO;
				SWIFT_COMPILATION_MODE = wholemodule;
				SWIFT_OPTIMIZATION_LEVEL = "-O";
				SWIFT_VERSION = 5.0;
				SYMROOT = "${SRCROOT}/../build";
			};
			name = Release;
		};
		598F70F2D3256B277A61A0A22FCAB76F /* Debug */ = {
			isa = XCBuildConfiguration;
			baseConfigurationReference = 14A895A09F8462ADF06518EA2615DD57 /* Rudder-Lotame.debug.xcconfig */;
			buildSettings = {
				CODE_SIGN_IDENTITY = "";
				"CODE_SIGN_IDENTITY[sdk=appletvos*]" = "";
				"CODE_SIGN_IDENTITY[sdk=iphoneos*]" = "";
				"CODE_SIGN_IDENTITY[sdk=watchos*]" = "";
				CURRENT_PROJECT_VERSION = 1;
				DEFINES_MODULE = YES;
				DYLIB_COMPATIBILITY_VERSION = 1;
				DYLIB_CURRENT_VERSION = 1;
				DYLIB_INSTALL_NAME_BASE = "@rpath";
				GCC_PREFIX_HEADER = "Target Support Files/Rudder-Lotame/Rudder-Lotame-prefix.pch";
				INFOPLIST_FILE = "Target Support Files/Rudder-Lotame/Rudder-Lotame-Info.plist";
				INSTALL_PATH = "$(LOCAL_LIBRARY_DIR)/Frameworks";
				IPHONEOS_DEPLOYMENT_TARGET = 8.0;
				LD_RUNPATH_SEARCH_PATHS = "$(inherited) @executable_path/Frameworks @loader_path/Frameworks";
				MODULEMAP_FILE = "Target Support Files/Rudder-Lotame/Rudder-Lotame.modulemap";
				PRODUCT_MODULE_NAME = Rudder_Lotame;
				PRODUCT_NAME = Rudder_Lotame;
				SDKROOT = iphoneos;
				SKIP_INSTALL = YES;
				SWIFT_ACTIVE_COMPILATION_CONDITIONS = "$(inherited) ";
				SWIFT_VERSION = 4.0;
				TARGETED_DEVICE_FAMILY = "1,2";
				VERSIONING_SYSTEM = "apple-generic";
				VERSION_INFO_PREFIX = "";
			};
			name = Debug;
		};
		7EF7227D9B20A1D549000096ACCB23D7 /* Debug */ = {
			isa = XCBuildConfiguration;
			buildSettings = {
				ALWAYS_SEARCH_USER_PATHS = NO;
				CLANG_ANALYZER_NONNULL = YES;
				CLANG_ANALYZER_NUMBER_OBJECT_CONVERSION = YES_AGGRESSIVE;
				CLANG_CXX_LANGUAGE_STANDARD = "gnu++14";
				CLANG_CXX_LIBRARY = "libc++";
				CLANG_ENABLE_MODULES = YES;
				CLANG_ENABLE_OBJC_ARC = YES;
				CLANG_ENABLE_OBJC_WEAK = YES;
				CLANG_WARN_BLOCK_CAPTURE_AUTORELEASING = YES;
				CLANG_WARN_BOOL_CONVERSION = YES;
				CLANG_WARN_COMMA = YES;
				CLANG_WARN_CONSTANT_CONVERSION = YES;
				CLANG_WARN_DEPRECATED_OBJC_IMPLEMENTATIONS = YES;
				CLANG_WARN_DIRECT_OBJC_ISA_USAGE = YES_ERROR;
				CLANG_WARN_DOCUMENTATION_COMMENTS = YES;
				CLANG_WARN_EMPTY_BODY = YES;
				CLANG_WARN_ENUM_CONVERSION = YES;
				CLANG_WARN_INFINITE_RECURSION = YES;
				CLANG_WARN_INT_CONVERSION = YES;
				CLANG_WARN_NON_LITERAL_NULL_CONVERSION = YES;
				CLANG_WARN_OBJC_IMPLICIT_RETAIN_SELF = YES;
				CLANG_WARN_OBJC_LITERAL_CONVERSION = YES;
				CLANG_WARN_OBJC_ROOT_CLASS = YES_ERROR;
				CLANG_WARN_RANGE_LOOP_ANALYSIS = YES;
				CLANG_WARN_STRICT_PROTOTYPES = YES;
				CLANG_WARN_SUSPICIOUS_MOVE = YES;
				CLANG_WARN_UNGUARDED_AVAILABILITY = YES_AGGRESSIVE;
				CLANG_WARN_UNREACHABLE_CODE = YES;
				CLANG_WARN__DUPLICATE_METHOD_MATCH = YES;
				COPY_PHASE_STRIP = NO;
				DEBUG_INFORMATION_FORMAT = dwarf;
				ENABLE_STRICT_OBJC_MSGSEND = YES;
				ENABLE_TESTABILITY = YES;
				GCC_C_LANGUAGE_STANDARD = gnu11;
				GCC_DYNAMIC_NO_PIC = NO;
				GCC_NO_COMMON_BLOCKS = YES;
				GCC_OPTIMIZATION_LEVEL = 0;
				GCC_PREPROCESSOR_DEFINITIONS = (
					"POD_CONFIGURATION_DEBUG=1",
					"DEBUG=1",
					"$(inherited)",
				);
				GCC_WARN_64_TO_32_BIT_CONVERSION = YES;
				GCC_WARN_ABOUT_RETURN_TYPE = YES_ERROR;
				GCC_WARN_UNDECLARED_SELECTOR = YES;
				GCC_WARN_UNINITIALIZED_AUTOS = YES_AGGRESSIVE;
				GCC_WARN_UNUSED_FUNCTION = YES;
				GCC_WARN_UNUSED_VARIABLE = YES;
				IPHONEOS_DEPLOYMENT_TARGET = 8.0;
				MTL_ENABLE_DEBUG_INFO = INCLUDE_SOURCE;
				MTL_FAST_MATH = YES;
				ONLY_ACTIVE_ARCH = YES;
				PRODUCT_NAME = "$(TARGET_NAME)";
				STRIP_INSTALLED_PRODUCT = NO;
				SWIFT_ACTIVE_COMPILATION_CONDITIONS = DEBUG;
				SWIFT_OPTIMIZATION_LEVEL = "-Onone";
				SWIFT_VERSION = 5.0;
				SYMROOT = "${SRCROOT}/../build";
			};
			name = Debug;
		};
		9B0152554D50015449DF26D077A464A3 /* Debug */ = {
			isa = XCBuildConfiguration;
			baseConfigurationReference = 81A720C6AA5C07FEF18EF47D3385C279 /* Pods-Rudder-Lotame_Example.debug.xcconfig */;
			buildSettings = {
				ALWAYS_EMBED_SWIFT_STANDARD_LIBRARIES = NO;
				CODE_SIGN_IDENTITY = "";
				"CODE_SIGN_IDENTITY[sdk=appletvos*]" = "";
				"CODE_SIGN_IDENTITY[sdk=iphoneos*]" = "";
				"CODE_SIGN_IDENTITY[sdk=watchos*]" = "";
				CURRENT_PROJECT_VERSION = 1;
				DEFINES_MODULE = YES;
				DYLIB_COMPATIBILITY_VERSION = 1;
				DYLIB_CURRENT_VERSION = 1;
				DYLIB_INSTALL_NAME_BASE = "@rpath";
				INFOPLIST_FILE = "Target Support Files/Pods-Rudder-Lotame_Example/Pods-Rudder-Lotame_Example-Info.plist";
				INSTALL_PATH = "$(LOCAL_LIBRARY_DIR)/Frameworks";
				IPHONEOS_DEPLOYMENT_TARGET = 8.0;
				LD_RUNPATH_SEARCH_PATHS = "$(inherited) @executable_path/Frameworks @loader_path/Frameworks";
				MACH_O_TYPE = staticlib;
				MODULEMAP_FILE = "Target Support Files/Pods-Rudder-Lotame_Example/Pods-Rudder-Lotame_Example.modulemap";
				OTHER_LDFLAGS = "";
				OTHER_LIBTOOLFLAGS = "";
				PODS_ROOT = "$(SRCROOT)";
				PRODUCT_BUNDLE_IDENTIFIER = "org.cocoapods.${PRODUCT_NAME:rfc1034identifier}";
				PRODUCT_NAME = "$(TARGET_NAME:c99extidentifier)";
				SDKROOT = iphoneos;
				SKIP_INSTALL = YES;
				TARGETED_DEVICE_FAMILY = "1,2";
				VERSIONING_SYSTEM = "apple-generic";
				VERSION_INFO_PREFIX = "";
			};
			name = Debug;
		};
		ACB910FA01CC2275E41EE07BA6D6C406 /* Release */ = {
			isa = XCBuildConfiguration;
			baseConfigurationReference = B31C681F2C04117AFAE5118A38446DE2 /* Pods-Rudder-Lotame_Tests.release.xcconfig */;
			buildSettings = {
				ALWAYS_EMBED_SWIFT_STANDARD_LIBRARIES = NO;
				CODE_SIGN_IDENTITY = "";
				"CODE_SIGN_IDENTITY[sdk=appletvos*]" = "";
				"CODE_SIGN_IDENTITY[sdk=iphoneos*]" = "";
				"CODE_SIGN_IDENTITY[sdk=watchos*]" = "";
				CURRENT_PROJECT_VERSION = 1;
				DEFINES_MODULE = YES;
				DYLIB_COMPATIBILITY_VERSION = 1;
				DYLIB_CURRENT_VERSION = 1;
				DYLIB_INSTALL_NAME_BASE = "@rpath";
				INFOPLIST_FILE = "Target Support Files/Pods-Rudder-Lotame_Tests/Pods-Rudder-Lotame_Tests-Info.plist";
				INSTALL_PATH = "$(LOCAL_LIBRARY_DIR)/Frameworks";
				IPHONEOS_DEPLOYMENT_TARGET = 8.0;
				LD_RUNPATH_SEARCH_PATHS = "$(inherited) @executable_path/Frameworks @loader_path/Frameworks";
				MACH_O_TYPE = staticlib;
				MODULEMAP_FILE = "Target Support Files/Pods-Rudder-Lotame_Tests/Pods-Rudder-Lotame_Tests.modulemap";
				OTHER_LDFLAGS = "";
				OTHER_LIBTOOLFLAGS = "";
				PODS_ROOT = "$(SRCROOT)";
				PRODUCT_BUNDLE_IDENTIFIER = "org.cocoapods.${PRODUCT_NAME:rfc1034identifier}";
				PRODUCT_NAME = "$(TARGET_NAME:c99extidentifier)";
				SDKROOT = iphoneos;
				SKIP_INSTALL = YES;
				TARGETED_DEVICE_FAMILY = "1,2";
				VALIDATE_PRODUCT = YES;
				VERSIONING_SYSTEM = "apple-generic";
				VERSION_INFO_PREFIX = "";
			};
			name = Release;
		};
		B15FB1805BC94A492BD1E9995738282B /* Debug */ = {
			isa = XCBuildConfiguration;
			baseConfigurationReference = 18A3C561ED8C160DA3DDE23D6D446F35 /* Pods-Rudder-Lotame_Tests.debug.xcconfig */;
			buildSettings = {
				ALWAYS_EMBED_SWIFT_STANDARD_LIBRARIES = NO;
				CODE_SIGN_IDENTITY = "";
				"CODE_SIGN_IDENTITY[sdk=appletvos*]" = "";
				"CODE_SIGN_IDENTITY[sdk=iphoneos*]" = "";
				"CODE_SIGN_IDENTITY[sdk=watchos*]" = "";
				CURRENT_PROJECT_VERSION = 1;
				DEFINES_MODULE = YES;
				DYLIB_COMPATIBILITY_VERSION = 1;
				DYLIB_CURRENT_VERSION = 1;
				DYLIB_INSTALL_NAME_BASE = "@rpath";
				INFOPLIST_FILE = "Target Support Files/Pods-Rudder-Lotame_Tests/Pods-Rudder-Lotame_Tests-Info.plist";
				INSTALL_PATH = "$(LOCAL_LIBRARY_DIR)/Frameworks";
				IPHONEOS_DEPLOYMENT_TARGET = 8.0;
				LD_RUNPATH_SEARCH_PATHS = "$(inherited) @executable_path/Frameworks @loader_path/Frameworks";
				MACH_O_TYPE = staticlib;
				MODULEMAP_FILE = "Target Support Files/Pods-Rudder-Lotame_Tests/Pods-Rudder-Lotame_Tests.modulemap";
				OTHER_LDFLAGS = "";
				OTHER_LIBTOOLFLAGS = "";
				PODS_ROOT = "$(SRCROOT)";
				PRODUCT_BUNDLE_IDENTIFIER = "org.cocoapods.${PRODUCT_NAME:rfc1034identifier}";
				PRODUCT_NAME = "$(TARGET_NAME:c99extidentifier)";
				SDKROOT = iphoneos;
				SKIP_INSTALL = YES;
				TARGETED_DEVICE_FAMILY = "1,2";
				VERSIONING_SYSTEM = "apple-generic";
				VERSION_INFO_PREFIX = "";
			};
			name = Debug;
		};
		FD519638198CCF817894F898CA898746 /* Release */ = {
			isa = XCBuildConfiguration;
			baseConfigurationReference = 2B7B2DB4A6773BB4B8EF1C0D8F62D20F /* Pods-Rudder-Lotame_Example.release.xcconfig */;
			buildSettings = {
				ALWAYS_EMBED_SWIFT_STANDARD_LIBRARIES = NO;
				CODE_SIGN_IDENTITY = "";
				"CODE_SIGN_IDENTITY[sdk=appletvos*]" = "";
				"CODE_SIGN_IDENTITY[sdk=iphoneos*]" = "";
				"CODE_SIGN_IDENTITY[sdk=watchos*]" = "";
				CURRENT_PROJECT_VERSION = 1;
				DEFINES_MODULE = YES;
				DYLIB_COMPATIBILITY_VERSION = 1;
				DYLIB_CURRENT_VERSION = 1;
				DYLIB_INSTALL_NAME_BASE = "@rpath";
				INFOPLIST_FILE = "Target Support Files/Pods-Rudder-Lotame_Example/Pods-Rudder-Lotame_Example-Info.plist";
				INSTALL_PATH = "$(LOCAL_LIBRARY_DIR)/Frameworks";
				IPHONEOS_DEPLOYMENT_TARGET = 8.0;
				LD_RUNPATH_SEARCH_PATHS = "$(inherited) @executable_path/Frameworks @loader_path/Frameworks";
				MACH_O_TYPE = staticlib;
				MODULEMAP_FILE = "Target Support Files/Pods-Rudder-Lotame_Example/Pods-Rudder-Lotame_Example.modulemap";
				OTHER_LDFLAGS = "";
				OTHER_LIBTOOLFLAGS = "";
				PODS_ROOT = "$(SRCROOT)";
				PRODUCT_BUNDLE_IDENTIFIER = "org.cocoapods.${PRODUCT_NAME:rfc1034identifier}";
				PRODUCT_NAME = "$(TARGET_NAME:c99extidentifier)";
				SDKROOT = iphoneos;
				SKIP_INSTALL = YES;
				TARGETED_DEVICE_FAMILY = "1,2";
				VALIDATE_PRODUCT = YES;
				VERSIONING_SYSTEM = "apple-generic";
				VERSION_INFO_PREFIX = "";
			};
			name = Release;
		};
/* End XCBuildConfiguration section */

/* Begin XCConfigurationList section */
		1E07FAF573B1ADD2F0C0B13E11A1B732 /* Build configuration list for PBXNativeTarget "Pods-Rudder-Lotame_Tests" */ = {
			isa = XCConfigurationList;
			buildConfigurations = (
				B15FB1805BC94A492BD1E9995738282B /* Debug */,
				ACB910FA01CC2275E41EE07BA6D6C406 /* Release */,
			);
			defaultConfigurationIsVisible = 0;
			defaultConfigurationName = Release;
		};
		3DE7A58AAA2F72D24AF417849AA73FA9 /* Build configuration list for PBXNativeTarget "Pods-Rudder-Lotame_Example" */ = {
			isa = XCConfigurationList;
			buildConfigurations = (
				9B0152554D50015449DF26D077A464A3 /* Debug */,
				FD519638198CCF817894F898CA898746 /* Release */,
			);
			defaultConfigurationIsVisible = 0;
			defaultConfigurationName = Release;
		};
		4821239608C13582E20E6DA73FD5F1F9 /* Build configuration list for PBXProject "Pods" */ = {
			isa = XCConfigurationList;
			buildConfigurations = (
				7EF7227D9B20A1D549000096ACCB23D7 /* Debug */,
				4BE66A09A74FD25164AAB3C2645B9B93 /* Release */,
			);
			defaultConfigurationIsVisible = 0;
			defaultConfigurationName = Release;
		};
		D621C1F0C62BFE63F0F48B514CEDF3EF /* Build configuration list for PBXNativeTarget "Rudder-Lotame" */ = {
			isa = XCConfigurationList;
			buildConfigurations = (
				598F70F2D3256B277A61A0A22FCAB76F /* Debug */,
				20A0C46FC20FD5C670F91715154AE578 /* Release */,
			);
			defaultConfigurationIsVisible = 0;
			defaultConfigurationName = Release;
		};
/* End XCConfigurationList section */
	};
	rootObject = BFDFE7DC352907FC980B868725387E98 /* Project object */;
}
